
Microsoft Visual Studio Solution File, Format Version 12.00
# Visual Studio Version 17
VisualStudioVersion = 17.8.34408.163
MinimumVisualStudioVersion = 10.0.40219.1
Project("{FAE04EC0-301F-11D3-BF4B-00C04F79EFBC}") = "Modul04_1302220093", "Modul04_1302220093.csproj", "{FF13B414-9A09-43FF-9B11-1B500BD11CF0}"
EndProject
Global
	GlobalSection(SolutionConfigurationPlatforms) = preSolution
		Debug|Any CPU = Debug|Any CPU
		Release|Any CPU = Release|Any CPU
	EndGlobalSection
	GlobalSection(ProjectConfigurationPlatforms) = postSolution
		{FF13B414-9A09-43FF-9B11-1B500BD11CF0}.Debug|Any CPU.ActiveCfg = Debug|Any CPU
		{FF13B414-9A09-43FF-9B11-1B500BD11CF0}.Debug|Any CPU.Build.0 = Debug|Any CPU
		{FF13B414-9A09-43FF-9B11-1B500BD11CF0}.Release|Any CPU.ActiveCfg = Release|Any CPU
		{FF13B414-9A09-43FF-9B11-1B500BD11CF0}.Release|Any CPU.Build.0 = Release|Any CPU
	EndGlobalSection
	GlobalSection(SolutionProperties) = preSolution
		HideSolutionNode = FALSE
	EndGlobalSection
	GlobalSection(ExtensibilityGlobals) = postSolution
		SolutionGuid = {04B83DDB-270E-4544-9E44-86D7797A52E8}
	EndGlobalSection
EndGlobal
